
Microsoft Visual Studio Solution File, Format Version 12.00
# Visual Studio Version 16
VisualStudioVersion = 16.0.29728.190
MinimumVisualStudioVersion = 10.0.40219.1
Project("{FAE04EC0-301F-11D3-BF4B-00C04F79EFBC}") = "Code360StudentApp", "Code360StudentApp.csproj", "{3AB76C20-4076-4F62-91FE-9EB2F6A4A9AF}"
EndProject
Global
	GlobalSection(SolutionConfigurationPlatforms) = preSolution
		Debug|Any CPU = Debug|Any CPU
		Release|Any CPU = Release|Any CPU
	EndGlobalSection
	GlobalSection(ProjectConfigurationPlatforms) = postSolution
		{3AB76C20-4076-4F62-91FE-9EB2F6A4A9AF}.Debug|Any CPU.ActiveCfg = Debug|Any CPU
		{3AB76C20-4076-4F62-91FE-9EB2F6A4A9AF}.Debug|Any CPU.Build.0 = Debug|Any CPU
		{3AB76C20-4076-4F62-91FE-9EB2F6A4A9AF}.Release|Any CPU.ActiveCfg = Release|Any CPU
		{3AB76C20-4076-4F62-91FE-9EB2F6A4A9AF}.Release|Any CPU.Build.0 = Release|Any CPU
	EndGlobalSection
	GlobalSection(SolutionProperties) = preSolution
		HideSolutionNode = FALSE
	EndGlobalSection
	GlobalSection(ExtensibilityGlobals) = postSolution
		SolutionGuid = {518805CA-E116-47EB-B140-0AE6CE802562}
	EndGlobalSection
EndGlobal
